// !$*UTF8*$!
{
	archiveVersion = 1;
	classes = {
	};
	objectVersion = 50;
	objects = {

/* Begin PBXBuildFile section */
		153B899E8363159ABE3DFF26 /* Pods_DIYgm_iOSTests.framework in Frameworks */ = {isa = PBXBuildFile; fileRef = A70EE461360DEE9D21D82CD6 /* Pods_DIYgm_iOSTests.framework */; };
		1BB15710BA5519C4D4C5C4AE /* Pods_DIYgm_iOSUITests.framework in Frameworks */ = {isa = PBXBuildFile; fileRef = 243E81C051F10DA066A473FC /* Pods_DIYgm_iOSUITests.framework */; };
		4B22A0A5220B6F410084C1A3 /* AppDelegate.swift in Sources */ = {isa = PBXBuildFile; fileRef = 4B22A0A4220B6F410084C1A3 /* AppDelegate.swift */; };
		4B22A0AA220B6F410084C1A3 /* Main.storyboard in Resources */ = {isa = PBXBuildFile; fileRef = 4B22A0A8220B6F410084C1A3 /* Main.storyboard */; };
		4B22A0BA220B6F440084C1A3 /* DIYgm_iOSTests.swift in Sources */ = {isa = PBXBuildFile; fileRef = 4B22A0B9220B6F440084C1A3 /* DIYgm_iOSTests.swift */; };
		4B22A0C5220B6F440084C1A3 /* DIYgm_iOSUITests.swift in Sources */ = {isa = PBXBuildFile; fileRef = 4B22A0C4220B6F440084C1A3 /* DIYgm_iOSUITests.swift */; };
		4B22A0DC220B6FC40084C1A3 /* HomeViewController.swift in Sources */ = {isa = PBXBuildFile; fileRef = 4B22A0D4220B6FC30084C1A3 /* HomeViewController.swift */; };
		4B22A0DD220B6FC40084C1A3 /* BluetoothViewController.swift in Sources */ = {isa = PBXBuildFile; fileRef = 4B22A0D5220B6FC30084C1A3 /* BluetoothViewController.swift */; };
		4B22A0DE220B6FC40084C1A3 /* ManualViewController.swift in Sources */ = {isa = PBXBuildFile; fileRef = 4B22A0D6220B6FC30084C1A3 /* ManualViewController.swift */; };
		4B22A0E0220B6FC40084C1A3 /* Keys.plist in Resources */ = {isa = PBXBuildFile; fileRef = 4B22A0D8220B6FC40084C1A3 /* Keys.plist */; };
		4B455CD8220CD6FE001041A2 /* Pods_DIYgm_iOS.framework in Embed Frameworks */ = {isa = PBXBuildFile; fileRef = 840570306CF649F9E5CEC32F /* Pods_DIYgm_iOS.framework */; settings = {ATTRIBUTES = (CodeSignOnCopy, RemoveHeadersOnCopy, ); }; };
		4B56143F2225EE9800E39F1E /* Assets.xcassets in Resources */ = {isa = PBXBuildFile; fileRef = 4B56143E2225EE9800E39F1E /* Assets.xcassets */; };
		C13EC5FA47D86898EC1425A3 /* Pods_DIYgm_iOS.framework in Frameworks */ = {isa = PBXBuildFile; fileRef = 840570306CF649F9E5CEC32F /* Pods_DIYgm_iOS.framework */; };
/* End PBXBuildFile section */

/* Begin PBXContainerItemProxy section */
		4B22A0B6220B6F440084C1A3 /* PBXContainerItemProxy */ = {
			isa = PBXContainerItemProxy;
			containerPortal = 4B22A099220B6F410084C1A3 /* Project object */;
			proxyType = 1;
			remoteGlobalIDString = 4B22A0A0220B6F410084C1A3;
			remoteInfo = "DIYgm-iOS";
		};
		4B22A0C1220B6F440084C1A3 /* PBXContainerItemProxy */ = {
			isa = PBXContainerItemProxy;
			containerPortal = 4B22A099220B6F410084C1A3 /* Project object */;
			proxyType = 1;
			remoteGlobalIDString = 4B22A0A0220B6F410084C1A3;
			remoteInfo = "DIYgm-iOS";
		};
/* End PBXContainerItemProxy section */

/* Begin PBXCopyFilesBuildPhase section */
		4B455CD9220CD6FE001041A2 /* Embed Frameworks */ = {
			isa = PBXCopyFilesBuildPhase;
			buildActionMask = 2147483647;
			dstPath = "";
			dstSubfolderSpec = 10;
			files = (
				4B455CD8220CD6FE001041A2 /* Pods_DIYgm_iOS.framework in Embed Frameworks */,
			);
			name = "Embed Frameworks";
			runOnlyForDeploymentPostprocessing = 0;
		};
/* End PBXCopyFilesBuildPhase section */

/* Begin PBXFileReference section */
		243E81C051F10DA066A473FC /* Pods_DIYgm_iOSUITests.framework */ = {isa = PBXFileReference; explicitFileType = wrapper.framework; includeInIndex = 0; path = Pods_DIYgm_iOSUITests.framework; sourceTree = BUILT_PRODUCTS_DIR; };
		4AAD82111CEB94C865A58C72 /* Pods-DIYgm-iOS.debug.xcconfig */ = {isa = PBXFileReference; includeInIndex = 1; lastKnownFileType = text.xcconfig; name = "Pods-DIYgm-iOS.debug.xcconfig"; path = "Pods/Target Support Files/Pods-DIYgm-iOS/Pods-DIYgm-iOS.debug.xcconfig"; sourceTree = "<group>"; };
		4B22A0A1220B6F410084C1A3 /* DIYgm-iOS.app */ = {isa = PBXFileReference; explicitFileType = wrapper.application; includeInIndex = 0; path = "DIYgm-iOS.app"; sourceTree = BUILT_PRODUCTS_DIR; };
		4B22A0A4220B6F410084C1A3 /* AppDelegate.swift */ = {isa = PBXFileReference; lastKnownFileType = sourcecode.swift; path = AppDelegate.swift; sourceTree = "<group>"; };
		4B22A0A9220B6F410084C1A3 /* Base */ = {isa = PBXFileReference; lastKnownFileType = file.storyboard; name = Base; path = Base.lproj/Main.storyboard; sourceTree = "<group>"; };
		4B22A0B0220B6F430084C1A3 /* Info.plist */ = {isa = PBXFileReference; lastKnownFileType = text.plist.xml; path = Info.plist; sourceTree = "<group>"; };
		4B22A0B5220B6F440084C1A3 /* DIYgm-iOSTests.xctest */ = {isa = PBXFileReference; explicitFileType = wrapper.cfbundle; includeInIndex = 0; path = "DIYgm-iOSTests.xctest"; sourceTree = BUILT_PRODUCTS_DIR; };
		4B22A0B9220B6F440084C1A3 /* DIYgm_iOSTests.swift */ = {isa = PBXFileReference; lastKnownFileType = sourcecode.swift; path = DIYgm_iOSTests.swift; sourceTree = "<group>"; };
		4B22A0BB220B6F440084C1A3 /* Info.plist */ = {isa = PBXFileReference; lastKnownFileType = text.plist.xml; path = Info.plist; sourceTree = "<group>"; };
		4B22A0C0220B6F440084C1A3 /* DIYgm-iOSUITests.xctest */ = {isa = PBXFileReference; explicitFileType = wrapper.cfbundle; includeInIndex = 0; path = "DIYgm-iOSUITests.xctest"; sourceTree = BUILT_PRODUCTS_DIR; };
		4B22A0C4220B6F440084C1A3 /* DIYgm_iOSUITests.swift */ = {isa = PBXFileReference; lastKnownFileType = sourcecode.swift; path = DIYgm_iOSUITests.swift; sourceTree = "<group>"; };
		4B22A0C6220B6F440084C1A3 /* Info.plist */ = {isa = PBXFileReference; lastKnownFileType = text.plist.xml; path = Info.plist; sourceTree = "<group>"; };
		4B22A0D4220B6FC30084C1A3 /* HomeViewController.swift */ = {isa = PBXFileReference; fileEncoding = 4; lastKnownFileType = sourcecode.swift; path = HomeViewController.swift; sourceTree = "<group>"; };
		4B22A0D5220B6FC30084C1A3 /* BluetoothViewController.swift */ = {isa = PBXFileReference; fileEncoding = 4; lastKnownFileType = sourcecode.swift; path = BluetoothViewController.swift; sourceTree = "<group>"; };
		4B22A0D6220B6FC30084C1A3 /* ManualViewController.swift */ = {isa = PBXFileReference; fileEncoding = 4; lastKnownFileType = sourcecode.swift; path = ManualViewController.swift; sourceTree = "<group>"; };
		4B22A0D8220B6FC40084C1A3 /* Keys.plist */ = {isa = PBXFileReference; fileEncoding = 4; lastKnownFileType = text.plist.xml; path = Keys.plist; sourceTree = "<group>"; };
		4B56143E2225EE9800E39F1E /* Assets.xcassets */ = {isa = PBXFileReference; lastKnownFileType = folder.assetcatalog; path = Assets.xcassets; sourceTree = "<group>"; };
		53859232522914DDB6B7278F /* Pods-DIYgm-iOSUITests.release.xcconfig */ = {isa = PBXFileReference; includeInIndex = 1; lastKnownFileType = text.xcconfig; name = "Pods-DIYgm-iOSUITests.release.xcconfig"; path = "Pods/Target Support Files/Pods-DIYgm-iOSUITests/Pods-DIYgm-iOSUITests.release.xcconfig"; sourceTree = "<group>"; };
		7D3038D8964CFC1CB1C94F19 /* Pods-DIYgm-iOSTests.debug.xcconfig */ = {isa = PBXFileReference; includeInIndex = 1; lastKnownFileType = text.xcconfig; name = "Pods-DIYgm-iOSTests.debug.xcconfig"; path = "Pods/Target Support Files/Pods-DIYgm-iOSTests/Pods-DIYgm-iOSTests.debug.xcconfig"; sourceTree = "<group>"; };
		840570306CF649F9E5CEC32F /* Pods_DIYgm_iOS.framework */ = {isa = PBXFileReference; explicitFileType = wrapper.framework; includeInIndex = 0; path = Pods_DIYgm_iOS.framework; sourceTree = BUILT_PRODUCTS_DIR; };
		8BB6A1F0C98588CD07A1766D /* Pods-DIYgm-iOSUITests.debug.xcconfig */ = {isa = PBXFileReference; includeInIndex = 1; lastKnownFileType = text.xcconfig; name = "Pods-DIYgm-iOSUITests.debug.xcconfig"; path = "Pods/Target Support Files/Pods-DIYgm-iOSUITests/Pods-DIYgm-iOSUITests.debug.xcconfig"; sourceTree = "<group>"; };
		A70EE461360DEE9D21D82CD6 /* Pods_DIYgm_iOSTests.framework */ = {isa = PBXFileReference; explicitFileType = wrapper.framework; includeInIndex = 0; path = Pods_DIYgm_iOSTests.framework; sourceTree = BUILT_PRODUCTS_DIR; };
		ED46BE4B70D9807B72253EB7 /* Pods-DIYgm-iOSTests.release.xcconfig */ = {isa = PBXFileReference; includeInIndex = 1; lastKnownFileType = text.xcconfig; name = "Pods-DIYgm-iOSTests.release.xcconfig"; path = "Pods/Target Support Files/Pods-DIYgm-iOSTests/Pods-DIYgm-iOSTests.release.xcconfig"; sourceTree = "<group>"; };
		F06644A7BE4BE607C9D46291 /* Pods-DIYgm-iOS.release.xcconfig */ = {isa = PBXFileReference; includeInIndex = 1; lastKnownFileType = text.xcconfig; name = "Pods-DIYgm-iOS.release.xcconfig"; path = "Pods/Target Support Files/Pods-DIYgm-iOS/Pods-DIYgm-iOS.release.xcconfig"; sourceTree = "<group>"; };
/* End PBXFileReference section */

/* Begin PBXFrameworksBuildPhase section */
		4B22A09E220B6F410084C1A3 /* Frameworks */ = {
			isa = PBXFrameworksBuildPhase;
			buildActionMask = 2147483647;
			files = (
				C13EC5FA47D86898EC1425A3 /* Pods_DIYgm_iOS.framework in Frameworks */,
			);
			runOnlyForDeploymentPostprocessing = 0;
		};
		4B22A0B2220B6F440084C1A3 /* Frameworks */ = {
			isa = PBXFrameworksBuildPhase;
			buildActionMask = 2147483647;
			files = (
				153B899E8363159ABE3DFF26 /* Pods_DIYgm_iOSTests.framework in Frameworks */,
			);
			runOnlyForDeploymentPostprocessing = 0;
		};
		4B22A0BD220B6F440084C1A3 /* Frameworks */ = {
			isa = PBXFrameworksBuildPhase;
			buildActionMask = 2147483647;
			files = (
				1BB15710BA5519C4D4C5C4AE /* Pods_DIYgm_iOSUITests.framework in Frameworks */,
			);
			runOnlyForDeploymentPostprocessing = 0;
		};
/* End PBXFrameworksBuildPhase section */

/* Begin PBXGroup section */
		1ED4D528CA63014536092D92 /* Pods */ = {
			isa = PBXGroup;
			children = (
				4AAD82111CEB94C865A58C72 /* Pods-DIYgm-iOS.debug.xcconfig */,
				F06644A7BE4BE607C9D46291 /* Pods-DIYgm-iOS.release.xcconfig */,
				7D3038D8964CFC1CB1C94F19 /* Pods-DIYgm-iOSTests.debug.xcconfig */,
				ED46BE4B70D9807B72253EB7 /* Pods-DIYgm-iOSTests.release.xcconfig */,
				8BB6A1F0C98588CD07A1766D /* Pods-DIYgm-iOSUITests.debug.xcconfig */,
				53859232522914DDB6B7278F /* Pods-DIYgm-iOSUITests.release.xcconfig */,
			);
			name = Pods;
			sourceTree = "<group>";
		};
		4B22A098220B6F410084C1A3 = {
			isa = PBXGroup;
			children = (
				4B22A0A3220B6F410084C1A3 /* DIYgm-iOS */,
				4B22A0B8220B6F440084C1A3 /* DIYgm-iOSTests */,
				4B22A0C3220B6F440084C1A3 /* DIYgm-iOSUITests */,
				4B22A0A2220B6F410084C1A3 /* Products */,
				1ED4D528CA63014536092D92 /* Pods */,
				5CBD70B0E73D4F98E797146A /* Frameworks */,
			);
			sourceTree = "<group>";
		};
		4B22A0A2220B6F410084C1A3 /* Products */ = {
			isa = PBXGroup;
			children = (
				4B22A0A1220B6F410084C1A3 /* DIYgm-iOS.app */,
				4B22A0B5220B6F440084C1A3 /* DIYgm-iOSTests.xctest */,
				4B22A0C0220B6F440084C1A3 /* DIYgm-iOSUITests.xctest */,
			);
			name = Products;
			sourceTree = "<group>";
		};
		4B22A0A3220B6F410084C1A3 /* DIYgm-iOS */ = {
			isa = PBXGroup;
			children = (
				4B22A0A4220B6F410084C1A3 /* AppDelegate.swift */,
				4B22A0D4220B6FC30084C1A3 /* HomeViewController.swift */,
				4B22A0D6220B6FC30084C1A3 /* ManualViewController.swift */,
				4B22A0D5220B6FC30084C1A3 /* BluetoothViewController.swift */,
				4B22A0A8220B6F410084C1A3 /* Main.storyboard */,
				4B56143E2225EE9800E39F1E /* Assets.xcassets */,
				4B22A0B0220B6F430084C1A3 /* Info.plist */,
				4B22A0D8220B6FC40084C1A3 /* Keys.plist */,
			);
			path = "DIYgm-iOS";
			sourceTree = "<group>";
		};
		4B22A0B8220B6F440084C1A3 /* DIYgm-iOSTests */ = {
			isa = PBXGroup;
			children = (
				4B22A0B9220B6F440084C1A3 /* DIYgm_iOSTests.swift */,
				4B22A0BB220B6F440084C1A3 /* Info.plist */,
			);
			path = "DIYgm-iOSTests";
			sourceTree = "<group>";
		};
		4B22A0C3220B6F440084C1A3 /* DIYgm-iOSUITests */ = {
			isa = PBXGroup;
			children = (
				4B22A0C4220B6F440084C1A3 /* DIYgm_iOSUITests.swift */,
				4B22A0C6220B6F440084C1A3 /* Info.plist */,
			);
			path = "DIYgm-iOSUITests";
			sourceTree = "<group>";
		};
		5CBD70B0E73D4F98E797146A /* Frameworks */ = {
			isa = PBXGroup;
			children = (
				840570306CF649F9E5CEC32F /* Pods_DIYgm_iOS.framework */,
				A70EE461360DEE9D21D82CD6 /* Pods_DIYgm_iOSTests.framework */,
				243E81C051F10DA066A473FC /* Pods_DIYgm_iOSUITests.framework */,
			);
			name = Frameworks;
			sourceTree = "<group>";
		};
/* End PBXGroup section */

/* Begin PBXNativeTarget section */
		4B22A0A0220B6F410084C1A3 /* DIYgm-iOS */ = {
			isa = PBXNativeTarget;
			buildConfigurationList = 4B22A0C9220B6F440084C1A3 /* Build configuration list for PBXNativeTarget "DIYgm-iOS" */;
			buildPhases = (
				9A9FA68724A55175B7B94A5A /* [CP] Check Pods Manifest.lock */,
				4B22A09D220B6F410084C1A3 /* Sources */,
				4B22A09E220B6F410084C1A3 /* Frameworks */,
				4B22A09F220B6F410084C1A3 /* Resources */,
				D9ABB9345E2858C038E99D02 /* [CP] Copy Pods Resources */,
				4B455CD9220CD6FE001041A2 /* Embed Frameworks */,
			);
			buildRules = (
			);
			dependencies = (
			);
			name = "DIYgm-iOS";
			productName = "DIYgm-iOS";
			productReference = 4B22A0A1220B6F410084C1A3 /* DIYgm-iOS.app */;
			productType = "com.apple.product-type.application";
		};
		4B22A0B4220B6F440084C1A3 /* DIYgm-iOSTests */ = {
			isa = PBXNativeTarget;
			buildConfigurationList = 4B22A0CC220B6F440084C1A3 /* Build configuration list for PBXNativeTarget "DIYgm-iOSTests" */;
			buildPhases = (
				A06B77EDF8339810A3CF9839 /* [CP] Check Pods Manifest.lock */,
				4B22A0B1220B6F440084C1A3 /* Sources */,
				4B22A0B2220B6F440084C1A3 /* Frameworks */,
				4B22A0B3220B6F440084C1A3 /* Resources */,
			);
			buildRules = (
			);
			dependencies = (
				4B22A0B7220B6F440084C1A3 /* PBXTargetDependency */,
			);
			name = "DIYgm-iOSTests";
			productName = "DIYgm-iOSTests";
			productReference = 4B22A0B5220B6F440084C1A3 /* DIYgm-iOSTests.xctest */;
			productType = "com.apple.product-type.bundle.unit-test";
		};
		4B22A0BF220B6F440084C1A3 /* DIYgm-iOSUITests */ = {
			isa = PBXNativeTarget;
			buildConfigurationList = 4B22A0CF220B6F440084C1A3 /* Build configuration list for PBXNativeTarget "DIYgm-iOSUITests" */;
			buildPhases = (
				DCA4F5234531780E1117DC92 /* [CP] Check Pods Manifest.lock */,
				4B22A0BC220B6F440084C1A3 /* Sources */,
				4B22A0BD220B6F440084C1A3 /* Frameworks */,
				4B22A0BE220B6F440084C1A3 /* Resources */,
			);
			buildRules = (
			);
			dependencies = (
				4B22A0C2220B6F440084C1A3 /* PBXTargetDependency */,
			);
			name = "DIYgm-iOSUITests";
			productName = "DIYgm-iOSUITests";
			productReference = 4B22A0C0220B6F440084C1A3 /* DIYgm-iOSUITests.xctest */;
			productType = "com.apple.product-type.bundle.ui-testing";
		};
/* End PBXNativeTarget section */

/* Begin PBXProject section */
		4B22A099220B6F410084C1A3 /* Project object */ = {
			isa = PBXProject;
			attributes = {
				LastSwiftUpdateCheck = 1010;
				LastUpgradeCheck = 1010;
				ORGANIZATIONNAME = "Li, Max";
				TargetAttributes = {
					4B22A0A0220B6F410084C1A3 = {
						CreatedOnToolsVersion = 10.1;
					};
					4B22A0B4220B6F440084C1A3 = {
						CreatedOnToolsVersion = 10.1;
						TestTargetID = 4B22A0A0220B6F410084C1A3;
					};
					4B22A0BF220B6F440084C1A3 = {
						CreatedOnToolsVersion = 10.1;
						TestTargetID = 4B22A0A0220B6F410084C1A3;
					};
				};
			};
			buildConfigurationList = 4B22A09C220B6F410084C1A3 /* Build configuration list for PBXProject "DIYgm-iOS" */;
			compatibilityVersion = "Xcode 9.3";
			developmentRegion = en;
			hasScannedForEncodings = 0;
			knownRegions = (
				en,
				Base,
			);
			mainGroup = 4B22A098220B6F410084C1A3;
			productRefGroup = 4B22A0A2220B6F410084C1A3 /* Products */;
			projectDirPath = "";
			projectRoot = "";
			targets = (
				4B22A0A0220B6F410084C1A3 /* DIYgm-iOS */,
				4B22A0B4220B6F440084C1A3 /* DIYgm-iOSTests */,
				4B22A0BF220B6F440084C1A3 /* DIYgm-iOSUITests */,
			);
		};
/* End PBXProject section */

/* Begin PBXResourcesBuildPhase section */
		4B22A09F220B6F410084C1A3 /* Resources */ = {
			isa = PBXResourcesBuildPhase;
			buildActionMask = 2147483647;
			files = (
				4B22A0AA220B6F410084C1A3 /* Main.storyboard in Resources */,
				4B56143F2225EE9800E39F1E /* Assets.xcassets in Resources */,
				4B22A0E0220B6FC40084C1A3 /* Keys.plist in Resources */,
			);
			runOnlyForDeploymentPostprocessing = 0;
		};
		4B22A0B3220B6F440084C1A3 /* Resources */ = {
			isa = PBXResourcesBuildPhase;
			buildActionMask = 2147483647;
			files = (
			);
			runOnlyForDeploymentPostprocessing = 0;
		};
		4B22A0BE220B6F440084C1A3 /* Resources */ = {
			isa = PBXResourcesBuildPhase;
			buildActionMask = 2147483647;
			files = (
			);
			runOnlyForDeploymentPostprocessing = 0;
		};
/* End PBXResourcesBuildPhase section */

/* Begin PBXShellScriptBuildPhase section */
		9A9FA68724A55175B7B94A5A /* [CP] Check Pods Manifest.lock */ = {
			isa = PBXShellScriptBuildPhase;
			buildActionMask = 2147483647;
			files = (
			);
			inputFileListPaths = (
			);
			inputPaths = (
				"${PODS_PODFILE_DIR_PATH}/Podfile.lock",
				"${PODS_ROOT}/Manifest.lock",
			);
			name = "[CP] Check Pods Manifest.lock";
			outputFileListPaths = (
			);
			outputPaths = (
				"$(DERIVED_FILE_DIR)/Pods-DIYgm-iOS-checkManifestLockResult.txt",
			);
			runOnlyForDeploymentPostprocessing = 0;
			shellPath = /bin/sh;
			shellScript = "diff \"${PODS_PODFILE_DIR_PATH}/Podfile.lock\" \"${PODS_ROOT}/Manifest.lock\" > /dev/null\nif [ $? != 0 ] ; then\n    # print error to STDERR\n    echo \"error: The sandbox is not in sync with the Podfile.lock. Run 'pod install' or update your CocoaPods installation.\" >&2\n    exit 1\nfi\n# This output is used by Xcode 'outputs' to avoid re-running this script phase.\necho \"SUCCESS\" > \"${SCRIPT_OUTPUT_FILE_0}\"\n";
			showEnvVarsInLog = 0;
		};
		A06B77EDF8339810A3CF9839 /* [CP] Check Pods Manifest.lock */ = {
			isa = PBXShellScriptBuildPhase;
			buildActionMask = 2147483647;
			files = (
			);
			inputFileListPaths = (
			);
			inputPaths = (
				"${PODS_PODFILE_DIR_PATH}/Podfile.lock",
				"${PODS_ROOT}/Manifest.lock",
			);
			name = "[CP] Check Pods Manifest.lock";
			outputFileListPaths = (
			);
			outputPaths = (
				"$(DERIVED_FILE_DIR)/Pods-DIYgm-iOSTests-checkManifestLockResult.txt",
			);
			runOnlyForDeploymentPostprocessing = 0;
			shellPath = /bin/sh;
			shellScript = "diff \"${PODS_PODFILE_DIR_PATH}/Podfile.lock\" \"${PODS_ROOT}/Manifest.lock\" > /dev/null\nif [ $? != 0 ] ; then\n    # print error to STDERR\n    echo \"error: The sandbox is not in sync with the Podfile.lock. Run 'pod install' or update your CocoaPods installation.\" >&2\n    exit 1\nfi\n# This output is used by Xcode 'outputs' to avoid re-running this script phase.\necho \"SUCCESS\" > \"${SCRIPT_OUTPUT_FILE_0}\"\n";
			showEnvVarsInLog = 0;
		};
		D9ABB9345E2858C038E99D02 /* [CP] Copy Pods Resources */ = {
			isa = PBXShellScriptBuildPhase;
			buildActionMask = 2147483647;
			files = (
			);
			inputFileListPaths = (
			);
			inputPaths = (
				"${SRCROOT}/Pods/Target Support Files/Pods-DIYgm-iOS/Pods-DIYgm-iOS-resources.sh",
				"${PODS_ROOT}/GoogleMaps/Maps/Frameworks/GoogleMaps.framework/Resources/GoogleMaps.bundle",
			);
			name = "[CP] Copy Pods Resources";
			outputFileListPaths = (
			);
			outputPaths = (
				"${TARGET_BUILD_DIR}/${UNLOCALIZED_RESOURCES_FOLDER_PATH}/GoogleMaps.bundle",
			);
			runOnlyForDeploymentPostprocessing = 0;
			shellPath = /bin/sh;
			shellScript = "\"${SRCROOT}/Pods/Target Support Files/Pods-DIYgm-iOS/Pods-DIYgm-iOS-resources.sh\"\n";
			showEnvVarsInLog = 0;
		};
		DCA4F5234531780E1117DC92 /* [CP] Check Pods Manifest.lock */ = {
			isa = PBXShellScriptBuildPhase;
			buildActionMask = 2147483647;
			files = (
			);
			inputFileListPaths = (
			);
			inputPaths = (
				"${PODS_PODFILE_DIR_PATH}/Podfile.lock",
				"${PODS_ROOT}/Manifest.lock",
			);
			name = "[CP] Check Pods Manifest.lock";
			outputFileListPaths = (
			);
			outputPaths = (
				"$(DERIVED_FILE_DIR)/Pods-DIYgm-iOSUITests-checkManifestLockResult.txt",
			);
			runOnlyForDeploymentPostprocessing = 0;
			shellPath = /bin/sh;
			shellScript = "diff \"${PODS_PODFILE_DIR_PATH}/Podfile.lock\" \"${PODS_ROOT}/Manifest.lock\" > /dev/null\nif [ $? != 0 ] ; then\n    # print error to STDERR\n    echo \"error: The sandbox is not in sync with the Podfile.lock. Run 'pod install' or update your CocoaPods installation.\" >&2\n    exit 1\nfi\n# This output is used by Xcode 'outputs' to avoid re-running this script phase.\necho \"SUCCESS\" > \"${SCRIPT_OUTPUT_FILE_0}\"\n";
			showEnvVarsInLog = 0;
		};
/* End PBXShellScriptBuildPhase section */

/* Begin PBXSourcesBuildPhase section */
		4B22A09D220B6F410084C1A3 /* Sources */ = {
			isa = PBXSourcesBuildPhase;
			buildActionMask = 2147483647;
			files = (
				4B22A0DD220B6FC40084C1A3 /* BluetoothViewController.swift in Sources */,
				4B22A0A5220B6F410084C1A3 /* AppDelegate.swift in Sources */,
				4B22A0DE220B6FC40084C1A3 /* ManualViewController.swift in Sources */,
				4B22A0DC220B6FC40084C1A3 /* HomeViewController.swift in Sources */,
			);
			runOnlyForDeploymentPostprocessing = 0;
		};
		4B22A0B1220B6F440084C1A3 /* Sources */ = {
			isa = PBXSourcesBuildPhase;
			buildActionMask = 2147483647;
			files = (
				4B22A0BA220B6F440084C1A3 /* DIYgm_iOSTests.swift in Sources */,
			);
			runOnlyForDeploymentPostprocessing = 0;
		};
		4B22A0BC220B6F440084C1A3 /* Sources */ = {
			isa = PBXSourcesBuildPhase;
			buildActionMask = 2147483647;
			files = (
				4B22A0C5220B6F440084C1A3 /* DIYgm_iOSUITests.swift in Sources */,
			);
			runOnlyForDeploymentPostprocessing = 0;
		};
/* End PBXSourcesBuildPhase section */

/* Begin PBXTargetDependency section */
		4B22A0B7220B6F440084C1A3 /* PBXTargetDependency */ = {
			isa = PBXTargetDependency;
			target = 4B22A0A0220B6F410084C1A3 /* DIYgm-iOS */;
			targetProxy = 4B22A0B6220B6F440084C1A3 /* PBXContainerItemProxy */;
		};
		4B22A0C2220B6F440084C1A3 /* PBXTargetDependency */ = {
			isa = PBXTargetDependency;
			target = 4B22A0A0220B6F410084C1A3 /* DIYgm-iOS */;
			targetProxy = 4B22A0C1220B6F440084C1A3 /* PBXContainerItemProxy */;
		};
/* End PBXTargetDependency section */

/* Begin PBXVariantGroup section */
		4B22A0A8220B6F410084C1A3 /* Main.storyboard */ = {
			isa = PBXVariantGroup;
			children = (
				4B22A0A9220B6F410084C1A3 /* Base */,
			);
			name = Main.storyboard;
			sourceTree = "<group>";
		};
/* End PBXVariantGroup section */

/* Begin XCBuildConfiguration section */
		4B22A0C7220B6F440084C1A3 /* Debug */ = {
			isa = XCBuildConfiguration;
			buildSettings = {
				ALWAYS_SEARCH_USER_PATHS = NO;
				CLANG_ANALYZER_NONNULL = YES;
				CLANG_ANALYZER_NUMBER_OBJECT_CONVERSION = YES_AGGRESSIVE;
				CLANG_CXX_LANGUAGE_STANDARD = "gnu++14";
				CLANG_CXX_LIBRARY = "libc++";
				CLANG_ENABLE_MODULES = YES;
				CLANG_ENABLE_OBJC_ARC = YES;
				CLANG_ENABLE_OBJC_WEAK = YES;
				CLANG_WARN_BLOCK_CAPTURE_AUTORELEASING = YES;
				CLANG_WARN_BOOL_CONVERSION = YES;
				CLANG_WARN_COMMA = YES;
				CLANG_WARN_CONSTANT_CONVERSION = YES;
				CLANG_WARN_DEPRECATED_OBJC_IMPLEMENTATIONS = YES;
				CLANG_WARN_DIRECT_OBJC_ISA_USAGE = YES_ERROR;
				CLANG_WARN_DOCUMENTATION_COMMENTS = YES;
				CLANG_WARN_EMPTY_BODY = YES;
				CLANG_WARN_ENUM_CONVERSION = YES;
				CLANG_WARN_INFINITE_RECURSION = YES;
				CLANG_WARN_INT_CONVERSION = YES;
				CLANG_WARN_NON_LITERAL_NULL_CONVERSION = YES;
				CLANG_WARN_OBJC_IMPLICIT_RETAIN_SELF = YES;
				CLANG_WARN_OBJC_LITERAL_CONVERSION = YES;
				CLANG_WARN_OBJC_ROOT_CLASS = YES_ERROR;
				CLANG_WARN_RANGE_LOOP_ANALYSIS = YES;
				CLANG_WARN_STRICT_PROTOTYPES = YES;
				CLANG_WARN_SUSPICIOUS_MOVE = YES;
				CLANG_WARN_UNGUARDED_AVAILABILITY = YES_AGGRESSIVE;
				CLANG_WARN_UNREACHABLE_CODE = YES;
				CLANG_WARN__DUPLICATE_METHOD_MATCH = YES;
				CODE_SIGN_IDENTITY = "iPhone Developer";
				COPY_PHASE_STRIP = NO;
				DEBUG_INFORMATION_FORMAT = dwarf;
				ENABLE_STRICT_OBJC_MSGSEND = YES;
				ENABLE_TESTABILITY = YES;
				GCC_C_LANGUAGE_STANDARD = gnu11;
				GCC_DYNAMIC_NO_PIC = NO;
				GCC_NO_COMMON_BLOCKS = YES;
				GCC_OPTIMIZATION_LEVEL = 0;
				GCC_PREPROCESSOR_DEFINITIONS = (
					"DEBUG=1",
					"$(inherited)",
				);
				GCC_WARN_64_TO_32_BIT_CONVERSION = YES;
				GCC_WARN_ABOUT_RETURN_TYPE = YES_ERROR;
				GCC_WARN_UNDECLARED_SELECTOR = YES;
				GCC_WARN_UNINITIALIZED_AUTOS = YES_AGGRESSIVE;
				GCC_WARN_UNUSED_FUNCTION = YES;
				GCC_WARN_UNUSED_VARIABLE = YES;
				IPHONEOS_DEPLOYMENT_TARGET = 12.1;
				MTL_ENABLE_DEBUG_INFO = INCLUDE_SOURCE;
				MTL_FAST_MATH = YES;
				ONLY_ACTIVE_ARCH = YES;
				SDKROOT = iphoneos;
				SWIFT_ACTIVE_COMPILATION_CONDITIONS = DEBUG;
				SWIFT_OPTIMIZATION_LEVEL = "-Onone";
			};
			name = Debug;
		};
		4B22A0C8220B6F440084C1A3 /* Release */ = {
			isa = XCBuildConfiguration;
			buildSettings = {
				ALWAYS_SEARCH_USER_PATHS = NO;
				CLANG_ANALYZER_NONNULL = YES;
				CLANG_ANALYZER_NUMBER_OBJECT_CONVERSION = YES_AGGRESSIVE;
				CLANG_CXX_LANGUAGE_STANDARD = "gnu++14";
				CLANG_CXX_LIBRARY = "libc++";
				CLANG_ENABLE_MODULES = YES;
				CLANG_ENABLE_OBJC_ARC = YES;
				CLANG_ENABLE_OBJC_WEAK = YES;
				CLANG_WARN_BLOCK_CAPTURE_AUTORELEASING = YES;
				CLANG_WARN_BOOL_CONVERSION = YES;
				CLANG_WARN_COMMA = YES;
				CLANG_WARN_CONSTANT_CONVERSION = YES;
				CLANG_WARN_DEPRECATED_OBJC_IMPLEMENTATIONS = YES;
				CLANG_WARN_DIRECT_OBJC_ISA_USAGE = YES_ERROR;
				CLANG_WARN_DOCUMENTATION_COMMENTS = YES;
				CLANG_WARN_EMPTY_BODY = YES;
				CLANG_WARN_ENUM_CONVERSION = YES;
				CLANG_WARN_INFINITE_RECURSION = YES;
				CLANG_WARN_INT_CONVERSION = YES;
				CLANG_WARN_NON_LITERAL_NULL_CONVERSION = YES;
				CLANG_WARN_OBJC_IMPLICIT_RETAIN_SELF = YES;
				CLANG_WARN_OBJC_LITERAL_CONVERSION = YES;
				CLANG_WARN_OBJC_ROOT_CLASS = YES_ERROR;
				CLANG_WARN_RANGE_LOOP_ANALYSIS = YES;
				CLANG_WARN_STRICT_PROTOTYPES = YES;
				CLANG_WARN_SUSPICIOUS_MOVE = YES;
				CLANG_WARN_UNGUARDED_AVAILABILITY = YES_AGGRESSIVE;
				CLANG_WARN_UNREACHABLE_CODE = YES;
				CLANG_WARN__DUPLICATE_METHOD_MATCH = YES;
				CODE_SIGN_IDENTITY = "iPhone Developer";
				COPY_PHASE_STRIP = NO;
				DEBUG_INFORMATION_FORMAT = "dwarf-with-dsym";
				ENABLE_NS_ASSERTIONS = NO;
				ENABLE_STRICT_OBJC_MSGSEND = YES;
				GCC_C_LANGUAGE_STANDARD = gnu11;
				GCC_NO_COMMON_BLOCKS = YES;
				GCC_WARN_64_TO_32_BIT_CONVERSION = YES;
				GCC_WARN_ABOUT_RETURN_TYPE = YES_ERROR;
				GCC_WARN_UNDECLARED_SELECTOR = YES;
				GCC_WARN_UNINITIALIZED_AUTOS = YES_AGGRESSIVE;
				GCC_WARN_UNUSED_FUNCTION = YES;
				GCC_WARN_UNUSED_VARIABLE = YES;
				IPHONEOS_DEPLOYMENT_TARGET = 12.1;
				MTL_ENABLE_DEBUG_INFO = NO;
				MTL_FAST_MATH = YES;
				SDKROOT = iphoneos;
				SWIFT_COMPILATION_MODE = wholemodule;
				SWIFT_OPTIMIZATION_LEVEL = "-O";
				VALIDATE_PRODUCT = YES;
			};
			name = Release;
		};
		4B22A0CA220B6F440084C1A3 /* Debug */ = {
			isa = XCBuildConfiguration;
			baseConfigurationReference = 4AAD82111CEB94C865A58C72 /* Pods-DIYgm-iOS.debug.xcconfig */;
			buildSettings = {
				ASSETCATALOG_COMPILER_APPICON_NAME = AppIcon;
				CODE_SIGN_STYLE = Automatic;
				DEVELOPMENT_TEAM = D2273Z43T2;
				INFOPLIST_FILE = "DIYgm-iOS/Info.plist";
				IPHONEOS_DEPLOYMENT_TARGET = 10.3;
				LD_RUNPATH_SEARCH_PATHS = (
					"$(inherited)",
					"@executable_path/Frameworks",
				);
				PRODUCT_BUNDLE_IDENTIFIER = "DIYgm.DIYgm-iOS";
				PRODUCT_NAME = "$(TARGET_NAME)";
				SWIFT_VERSION = 4.2;
				TARGETED_DEVICE_FAMILY = "1,2";
			};
			name = Debug;
		};
		4B22A0CB220B6F440084C1A3 /* Release */ = {
			isa = XCBuildConfiguration;
			baseConfigurationReference = F06644A7BE4BE607C9D46291 /* Pods-DIYgm-iOS.release.xcconfig */;
			buildSettings = {
				ASSETCATALOG_COMPILER_APPICON_NAME = AppIcon;
				CODE_SIGN_STYLE = Automatic;
				DEVELOPMENT_TEAM = D2273Z43T2;
				INFOPLIST_FILE = "DIYgm-iOS/Info.plist";
				IPHONEOS_DEPLOYMENT_TARGET = 10.3;
				LD_RUNPATH_SEARCH_PATHS = (
					"$(inherited)",
					"@executable_path/Frameworks",
				);
				PRODUCT_BUNDLE_IDENTIFIER = "DIYgm.DIYgm-iOS";
				PRODUCT_NAME = "$(TARGET_NAME)";
				SWIFT_VERSION = 4.2;
				TARGETED_DEVICE_FAMILY = "1,2";
			};
			name = Release;
		};
		4B22A0CD220B6F440084C1A3 /* Debug */ = {
			isa = XCBuildConfiguration;
			baseConfigurationReference = 7D3038D8964CFC1CB1C94F19 /* Pods-DIYgm-iOSTests.debug.xcconfig */;
			buildSettings = {
				ALWAYS_EMBED_SWIFT_STANDARD_LIBRARIES = YES;
				BUNDLE_LOADER = "$(TEST_HOST)";
				CODE_SIGN_STYLE = Automatic;
				DEVELOPMENT_TEAM = D2273Z43T2;
				INFOPLIST_FILE = "DIYgm-iOSTests/Info.plist";
				LD_RUNPATH_SEARCH_PATHS = (
					"$(inherited)",
					"@executable_path/Frameworks",
					"@loader_path/Frameworks",
				);
				PRODUCT_BUNDLE_IDENTIFIER = "DIYgm.DIYgm-iOSTests";
				PRODUCT_NAME = "$(TARGET_NAME)";
				SWIFT_VERSION = 4.2;
				TARGETED_DEVICE_FAMILY = "1,2";
				TEST_HOST = "$(BUILT_PRODUCTS_DIR)/DIYgm-iOS.app/DIYgm-iOS";
			};
			name = Debug;
		};
		4B22A0CE220B6F440084C1A3 /* Release */ = {
			isa = XCBuildConfiguration;
			baseConfigurationReference = ED46BE4B70D9807B72253EB7 /* Pods-DIYgm-iOSTests.release.xcconfig */;
			buildSettings = {
				ALWAYS_EMBED_SWIFT_STANDARD_LIBRARIES = YES;
				BUNDLE_LOADER = "$(TEST_HOST)";
				CODE_SIGN_STYLE = Automatic;
				DEVELOPMENT_TEAM = D2273Z43T2;
				INFOPLIST_FILE = "DIYgm-iOSTests/Info.plist";
				LD_RUNPATH_SEARCH_PATHS = (
					"$(inherited)",
					"@executable_path/Frameworks",
					"@loader_path/Frameworks",
				);
				PRODUCT_BUNDLE_IDENTIFIER = "DIYgm.DIYgm-iOSTests";
				PRODUCT_NAME = "$(TARGET_NAME)";
				SWIFT_VERSION = 4.2;
				TARGETED_DEVICE_FAMILY = "1,2";
				TEST_HOST = "$(BUILT_PRODUCTS_DIR)/DIYgm-iOS.app/DIYgm-iOS";
			};
			name = Release;
		};
		4B22A0D0220B6F440084C1A3 /* Debug */ = {
			isa = XCBuildConfiguration;
			baseConfigurationReference = 8BB6A1F0C98588CD07A1766D /* Pods-DIYgm-iOSUITests.debug.xcconfig */;
			buildSettings = {
				ALWAYS_EMBED_SWIFT_STANDARD_LIBRARIES = YES;
				CODE_SIGN_STYLE = Automatic;
				DEVELOPMENT_TEAM = D2273Z43T2;
				INFOPLIST_FILE = "DIYgm-iOSUITests/Info.plist";
				LD_RUNPATH_SEARCH_PATHS = (
					"$(inherited)",
					"@executable_path/Frameworks",
					"@loader_path/Frameworks",
				);
				PRODUCT_BUNDLE_IDENTIFIER = "DIYgm.DIYgm-iOSUITests";
				PRODUCT_NAME = "$(TARGET_NAME)";
				SWIFT_VERSION = 4.2;
				TARGETED_DEVICE_FAMILY = "1,2";
				TEST_TARGET_NAME = "DIYgm-iOS";
			};
			name = Debug;
		};
		4B22A0D1220B6F440084C1A3 /* Release */ = {
			isa = XCBuildConfiguration;
			baseConfigurationReference = 53859232522914DDB6B7278F /* Pods-DIYgm-iOSUITests.release.xcconfig */;
			buildSettings = {
				ALWAYS_EMBED_SWIFT_STANDARD_LIBRARIES = YES;
				CODE_SIGN_STYLE = Automatic;
				DEVELOPMENT_TEAM = D2273Z43T2;
				INFOPLIST_FILE = "DIYgm-iOSUITests/Info.plist";
				LD_RUNPATH_SEARCH_PATHS = (
					"$(inherited)",
					"@executable_path/Frameworks",
					"@loader_path/Frameworks",
				);
				PRODUCT_BUNDLE_IDENTIFIER = "DIYgm.DIYgm-iOSUITests";
				PRODUCT_NAME = "$(TARGET_NAME)";
				SWIFT_VERSION = 4.2;
				TARGETED_DEVICE_FAMILY = "1,2";
				TEST_TARGET_NAME = "DIYgm-iOS";
			};
			name = Release;
		};
/* End XCBuildConfiguration section */

/* Begin XCConfigurationList section */
		4B22A09C220B6F410084C1A3 /* Build configuration list for PBXProject "DIYgm-iOS" */ = {
			isa = XCConfigurationList;
			buildConfigurations = (
				4B22A0C7220B6F440084C1A3 /* Debug */,
				4B22A0C8220B6F440084C1A3 /* Release */,
			);
			defaultConfigurationIsVisible = 0;
			defaultConfigurationName = Release;
		};
		4B22A0C9220B6F440084C1A3 /* Build configuration list for PBXNativeTarget "DIYgm-iOS" */ = {
			isa = XCConfigurationList;
			buildConfigurations = (
				4B22A0CA220B6F440084C1A3 /* Debug */,
				4B22A0CB220B6F440084C1A3 /* Release */,
			);
			defaultConfigurationIsVisible = 0;
			defaultConfigurationName = Release;
		};
		4B22A0CC220B6F440084C1A3 /* Build configuration list for PBXNativeTarget "DIYgm-iOSTests" */ = {
			isa = XCConfigurationList;
			buildConfigurations = (
				4B22A0CD220B6F440084C1A3 /* Debug */,
				4B22A0CE220B6F440084C1A3 /* Release */,
			);
			defaultConfigurationIsVisible = 0;
			defaultConfigurationName = Release;
		};
		4B22A0CF220B6F440084C1A3 /* Build configuration list for PBXNativeTarget "DIYgm-iOSUITests" */ = {
			isa = XCConfigurationList;
			buildConfigurations = (
				4B22A0D0220B6F440084C1A3 /* Debug */,
				4B22A0D1220B6F440084C1A3 /* Release */,
			);
			defaultConfigurationIsVisible = 0;
			defaultConfigurationName = Release;
		};
/* End XCConfigurationList section */
	};
	rootObject = 4B22A099220B6F410084C1A3 /* Project object */;
}
