// !$*UTF8*$!
{
	archiveVersion = 1;
	classes = {
	};
	objectVersion = 50;
	objects = {

/* Begin PBXBuildFile section */
		4B7D30E9218BA45E00E94803 /* AppDelegate.swift in Sources */ = {isa = PBXBuildFile; fileRef = 4B7D30E8218BA45E00E94803 /* AppDelegate.swift */; };
		4B7D30EB218BA45E00E94803 /* ViewController.swift in Sources */ = {isa = PBXBuildFile; fileRef = 4B7D30EA218BA45E00E94803 /* ViewController.swift */; };
		4B7D30EE218BA45E00E94803 /* Main.storyboard in Resources */ = {isa = PBXBuildFile; fileRef = 4B7D30EC218BA45E00E94803 /* Main.storyboard */; };
		4B7D30F0218BA46600E94803 /* Assets.xcassets in Resources */ = {isa = PBXBuildFile; fileRef = 4B7D30EF218BA46600E94803 /* Assets.xcassets */; };
		4B7D30F3218BA46600E94803 /* LaunchScreen.storyboard in Resources */ = {isa = PBXBuildFile; fileRef = 4B7D30F1218BA46600E94803 /* LaunchScreen.storyboard */; };
		4B7D30FE218BA46600E94803 /* DIYgm_iOSTests.swift in Sources */ = {isa = PBXBuildFile; fileRef = 4B7D30FD218BA46600E94803 /* DIYgm_iOSTests.swift */; };
		4B7D3109218BA46600E94803 /* DIYgm_iOSUITests.swift in Sources */ = {isa = PBXBuildFile; fileRef = 4B7D3108218BA46600E94803 /* DIYgm_iOSUITests.swift */; };
		73C5EA47943CC3F2A3AFDE2D /* Pods_DIYgm_iOS.framework in Frameworks */ = {isa = PBXBuildFile; fileRef = B62926EB4CBBDC2B3377A271 /* Pods_DIYgm_iOS.framework */; };
		982AD78C41603302EC9FB4EE /* Pods_DIYgm_iOSUITests.framework in Frameworks */ = {isa = PBXBuildFile; fileRef = EBE42DCD78C49525F7269682 /* Pods_DIYgm_iOSUITests.framework */; };
		B1FD129031AF3937B7A20C4D /* Pods_DIYgm_iOSTests.framework in Frameworks */ = {isa = PBXBuildFile; fileRef = 02E5118FA08CA181EB7C492D /* Pods_DIYgm_iOSTests.framework */; };
/* End PBXBuildFile section */

/* Begin PBXContainerItemProxy section */
		4B7D30FA218BA46600E94803 /* PBXContainerItemProxy */ = {
			isa = PBXContainerItemProxy;
			containerPortal = 4B7D30DD218BA45E00E94803 /* Project object */;
			proxyType = 1;
			remoteGlobalIDString = 4B7D30E4218BA45E00E94803;
			remoteInfo = "DIYgm-iOS";
		};
		4B7D3105218BA46600E94803 /* PBXContainerItemProxy */ = {
			isa = PBXContainerItemProxy;
			containerPortal = 4B7D30DD218BA45E00E94803 /* Project object */;
			proxyType = 1;
			remoteGlobalIDString = 4B7D30E4218BA45E00E94803;
			remoteInfo = "DIYgm-iOS";
		};
/* End PBXContainerItemProxy section */

/* Begin PBXFileReference section */
		02E5118FA08CA181EB7C492D /* Pods_DIYgm_iOSTests.framework */ = {isa = PBXFileReference; explicitFileType = wrapper.framework; includeInIndex = 0; path = Pods_DIYgm_iOSTests.framework; sourceTree = BUILT_PRODUCTS_DIR; };
		126D7C1C67B831622367B929 /* Pods-DIYgm-iOS.debug.xcconfig */ = {isa = PBXFileReference; includeInIndex = 1; lastKnownFileType = text.xcconfig; name = "Pods-DIYgm-iOS.debug.xcconfig"; path = "Pods/Target Support Files/Pods-DIYgm-iOS/Pods-DIYgm-iOS.debug.xcconfig"; sourceTree = "<group>"; };
		4B7D30E5218BA45E00E94803 /* DIYgm-iOS.app */ = {isa = PBXFileReference; explicitFileType = wrapper.application; includeInIndex = 0; path = "DIYgm-iOS.app"; sourceTree = BUILT_PRODUCTS_DIR; };
		4B7D30E8218BA45E00E94803 /* AppDelegate.swift */ = {isa = PBXFileReference; lastKnownFileType = sourcecode.swift; path = AppDelegate.swift; sourceTree = "<group>"; };
		4B7D30EA218BA45E00E94803 /* ViewController.swift */ = {isa = PBXFileReference; lastKnownFileType = sourcecode.swift; path = ViewController.swift; sourceTree = "<group>"; };
		4B7D30ED218BA45E00E94803 /* Base */ = {isa = PBXFileReference; lastKnownFileType = file.storyboard; name = Base; path = Base.lproj/Main.storyboard; sourceTree = "<group>"; };
		4B7D30EF218BA46600E94803 /* Assets.xcassets */ = {isa = PBXFileReference; lastKnownFileType = folder.assetcatalog; path = Assets.xcassets; sourceTree = "<group>"; };
		4B7D30F2218BA46600E94803 /* Base */ = {isa = PBXFileReference; lastKnownFileType = file.storyboard; name = Base; path = Base.lproj/LaunchScreen.storyboard; sourceTree = "<group>"; };
		4B7D30F4218BA46600E94803 /* Info.plist */ = {isa = PBXFileReference; lastKnownFileType = text.plist.xml; path = Info.plist; sourceTree = "<group>"; };
		4B7D30F9218BA46600E94803 /* DIYgm-iOSTests.xctest */ = {isa = PBXFileReference; explicitFileType = wrapper.cfbundle; includeInIndex = 0; path = "DIYgm-iOSTests.xctest"; sourceTree = BUILT_PRODUCTS_DIR; };
		4B7D30FD218BA46600E94803 /* DIYgm_iOSTests.swift */ = {isa = PBXFileReference; lastKnownFileType = sourcecode.swift; path = DIYgm_iOSTests.swift; sourceTree = "<group>"; };
		4B7D30FF218BA46600E94803 /* Info.plist */ = {isa = PBXFileReference; lastKnownFileType = text.plist.xml; path = Info.plist; sourceTree = "<group>"; };
		4B7D3104218BA46600E94803 /* DIYgm-iOSUITests.xctest */ = {isa = PBXFileReference; explicitFileType = wrapper.cfbundle; includeInIndex = 0; path = "DIYgm-iOSUITests.xctest"; sourceTree = BUILT_PRODUCTS_DIR; };
		4B7D3108218BA46600E94803 /* DIYgm_iOSUITests.swift */ = {isa = PBXFileReference; lastKnownFileType = sourcecode.swift; path = DIYgm_iOSUITests.swift; sourceTree = "<group>"; };
		4B7D310A218BA46600E94803 /* Info.plist */ = {isa = PBXFileReference; lastKnownFileType = text.plist.xml; path = Info.plist; sourceTree = "<group>"; };
		9B4360A771871E787CBCD42B /* Pods-DIYgm-iOS.release.xcconfig */ = {isa = PBXFileReference; includeInIndex = 1; lastKnownFileType = text.xcconfig; name = "Pods-DIYgm-iOS.release.xcconfig"; path = "Pods/Target Support Files/Pods-DIYgm-iOS/Pods-DIYgm-iOS.release.xcconfig"; sourceTree = "<group>"; };
		AF42B64F1C6B01442DB97AB0 /* Pods-DIYgm-iOSTests.debug.xcconfig */ = {isa = PBXFileReference; includeInIndex = 1; lastKnownFileType = text.xcconfig; name = "Pods-DIYgm-iOSTests.debug.xcconfig"; path = "Pods/Target Support Files/Pods-DIYgm-iOSTests/Pods-DIYgm-iOSTests.debug.xcconfig"; sourceTree = "<group>"; };
		B62926EB4CBBDC2B3377A271 /* Pods_DIYgm_iOS.framework */ = {isa = PBXFileReference; explicitFileType = wrapper.framework; includeInIndex = 0; path = Pods_DIYgm_iOS.framework; sourceTree = BUILT_PRODUCTS_DIR; };
		D58A9DFD6F9F8280232A5BD7 /* Pods-DIYgm-iOSUITests.debug.xcconfig */ = {isa = PBXFileReference; includeInIndex = 1; lastKnownFileType = text.xcconfig; name = "Pods-DIYgm-iOSUITests.debug.xcconfig"; path = "Pods/Target Support Files/Pods-DIYgm-iOSUITests/Pods-DIYgm-iOSUITests.debug.xcconfig"; sourceTree = "<group>"; };
		D727B3FEA3403245DB1FFC9B /* Pods-DIYgm-iOSUITests.release.xcconfig */ = {isa = PBXFileReference; includeInIndex = 1; lastKnownFileType = text.xcconfig; name = "Pods-DIYgm-iOSUITests.release.xcconfig"; path = "Pods/Target Support Files/Pods-DIYgm-iOSUITests/Pods-DIYgm-iOSUITests.release.xcconfig"; sourceTree = "<group>"; };
		E3B1E721B56D8CFAD210ACF2 /* Pods-DIYgm-iOSTests.release.xcconfig */ = {isa = PBXFileReference; includeInIndex = 1; lastKnownFileType = text.xcconfig; name = "Pods-DIYgm-iOSTests.release.xcconfig"; path = "Pods/Target Support Files/Pods-DIYgm-iOSTests/Pods-DIYgm-iOSTests.release.xcconfig"; sourceTree = "<group>"; };
		EBE42DCD78C49525F7269682 /* Pods_DIYgm_iOSUITests.framework */ = {isa = PBXFileReference; explicitFileType = wrapper.framework; includeInIndex = 0; path = Pods_DIYgm_iOSUITests.framework; sourceTree = BUILT_PRODUCTS_DIR; };
/* End PBXFileReference section */

/* Begin PBXFrameworksBuildPhase section */
		4B7D30E2218BA45E00E94803 /* Frameworks */ = {
			isa = PBXFrameworksBuildPhase;
			buildActionMask = 2147483647;
			files = (
				73C5EA47943CC3F2A3AFDE2D /* Pods_DIYgm_iOS.framework in Frameworks */,
			);
			runOnlyForDeploymentPostprocessing = 0;
		};
		4B7D30F6218BA46600E94803 /* Frameworks */ = {
			isa = PBXFrameworksBuildPhase;
			buildActionMask = 2147483647;
			files = (
				B1FD129031AF3937B7A20C4D /* Pods_DIYgm_iOSTests.framework in Frameworks */,
			);
			runOnlyForDeploymentPostprocessing = 0;
		};
		4B7D3101218BA46600E94803 /* Frameworks */ = {
			isa = PBXFrameworksBuildPhase;
			buildActionMask = 2147483647;
			files = (
				982AD78C41603302EC9FB4EE /* Pods_DIYgm_iOSUITests.framework in Frameworks */,
			);
			runOnlyForDeploymentPostprocessing = 0;
		};
/* End PBXFrameworksBuildPhase section */

/* Begin PBXGroup section */
		2245872F3060EC1C3E85FEF0 /* Pods */ = {
			isa = PBXGroup;
			children = (
				126D7C1C67B831622367B929 /* Pods-DIYgm-iOS.debug.xcconfig */,
				9B4360A771871E787CBCD42B /* Pods-DIYgm-iOS.release.xcconfig */,
				AF42B64F1C6B01442DB97AB0 /* Pods-DIYgm-iOSTests.debug.xcconfig */,
				E3B1E721B56D8CFAD210ACF2 /* Pods-DIYgm-iOSTests.release.xcconfig */,
				D58A9DFD6F9F8280232A5BD7 /* Pods-DIYgm-iOSUITests.debug.xcconfig */,
				D727B3FEA3403245DB1FFC9B /* Pods-DIYgm-iOSUITests.release.xcconfig */,
			);
			name = Pods;
			sourceTree = "<group>";
		};
		4B7D30DC218BA45E00E94803 = {
			isa = PBXGroup;
			children = (
				4B7D30E7218BA45E00E94803 /* DIYgm-iOS */,
				4B7D30FC218BA46600E94803 /* DIYgm-iOSTests */,
				4B7D3107218BA46600E94803 /* DIYgm-iOSUITests */,
				4B7D30E6218BA45E00E94803 /* Products */,
				2245872F3060EC1C3E85FEF0 /* Pods */,
				C66B562AB8CED89005D42801 /* Frameworks */,
			);
			sourceTree = "<group>";
		};
		4B7D30E6218BA45E00E94803 /* Products */ = {
			isa = PBXGroup;
			children = (
				4B7D30E5218BA45E00E94803 /* DIYgm-iOS.app */,
				4B7D30F9218BA46600E94803 /* DIYgm-iOSTests.xctest */,
				4B7D3104218BA46600E94803 /* DIYgm-iOSUITests.xctest */,
			);
			name = Products;
			sourceTree = "<group>";
		};
		4B7D30E7218BA45E00E94803 /* DIYgm-iOS */ = {
			isa = PBXGroup;
			children = (
				4B7D30E8218BA45E00E94803 /* AppDelegate.swift */,
				4B7D30EA218BA45E00E94803 /* ViewController.swift */,
				4B7D30EC218BA45E00E94803 /* Main.storyboard */,
				4B7D30EF218BA46600E94803 /* Assets.xcassets */,
				4B7D30F1218BA46600E94803 /* LaunchScreen.storyboard */,
				4B7D30F4218BA46600E94803 /* Info.plist */,
			);
			path = "DIYgm-iOS";
			sourceTree = "<group>";
		};
		4B7D30FC218BA46600E94803 /* DIYgm-iOSTests */ = {
			isa = PBXGroup;
			children = (
				4B7D30FD218BA46600E94803 /* DIYgm_iOSTests.swift */,
				4B7D30FF218BA46600E94803 /* Info.plist */,
			);
			path = "DIYgm-iOSTests";
			sourceTree = "<group>";
		};
		4B7D3107218BA46600E94803 /* DIYgm-iOSUITests */ = {
			isa = PBXGroup;
			children = (
				4B7D3108218BA46600E94803 /* DIYgm_iOSUITests.swift */,
				4B7D310A218BA46600E94803 /* Info.plist */,
			);
			path = "DIYgm-iOSUITests";
			sourceTree = "<group>";
		};
		C66B562AB8CED89005D42801 /* Frameworks */ = {
			isa = PBXGroup;
			children = (
				B62926EB4CBBDC2B3377A271 /* Pods_DIYgm_iOS.framework */,
				02E5118FA08CA181EB7C492D /* Pods_DIYgm_iOSTests.framework */,
				EBE42DCD78C49525F7269682 /* Pods_DIYgm_iOSUITests.framework */,
			);
			name = Frameworks;
			sourceTree = "<group>";
		};
/* End PBXGroup section */

/* Begin PBXNativeTarget section */
		4B7D30E4218BA45E00E94803 /* DIYgm-iOS */ = {
			isa = PBXNativeTarget;
			buildConfigurationList = 4B7D310D218BA46600E94803 /* Build configuration list for PBXNativeTarget "DIYgm-iOS" */;
			buildPhases = (
				303BB58A513A7E6646398C4D /* [CP] Check Pods Manifest.lock */,
				4B7D30E1218BA45E00E94803 /* Sources */,
				4B7D30E2218BA45E00E94803 /* Frameworks */,
				4B7D30E3218BA45E00E94803 /* Resources */,
				ED5C7AD08EAC825369A9AAD4 /* [CP] Copy Pods Resources */,
			);
			buildRules = (
			);
			dependencies = (
			);
			name = "DIYgm-iOS";
			productName = "DIYgm-iOS";
			productReference = 4B7D30E5218BA45E00E94803 /* DIYgm-iOS.app */;
			productType = "com.apple.product-type.application";
		};
		4B7D30F8218BA46600E94803 /* DIYgm-iOSTests */ = {
			isa = PBXNativeTarget;
			buildConfigurationList = 4B7D3110218BA46600E94803 /* Build configuration list for PBXNativeTarget "DIYgm-iOSTests" */;
			buildPhases = (
				F82FFD591B6790E455FCA7E0 /* [CP] Check Pods Manifest.lock */,
				4B7D30F5218BA46600E94803 /* Sources */,
				4B7D30F6218BA46600E94803 /* Frameworks */,
				4B7D30F7218BA46600E94803 /* Resources */,
			);
			buildRules = (
			);
			dependencies = (
				4B7D30FB218BA46600E94803 /* PBXTargetDependency */,
			);
			name = "DIYgm-iOSTests";
			productName = "DIYgm-iOSTests";
			productReference = 4B7D30F9218BA46600E94803 /* DIYgm-iOSTests.xctest */;
			productType = "com.apple.product-type.bundle.unit-test";
		};
		4B7D3103218BA46600E94803 /* DIYgm-iOSUITests */ = {
			isa = PBXNativeTarget;
			buildConfigurationList = 4B7D3113218BA46600E94803 /* Build configuration list for PBXNativeTarget "DIYgm-iOSUITests" */;
			buildPhases = (
				39715E6D251CC984B031152B /* [CP] Check Pods Manifest.lock */,
				4B7D3100218BA46600E94803 /* Sources */,
				4B7D3101218BA46600E94803 /* Frameworks */,
				4B7D3102218BA46600E94803 /* Resources */,
			);
			buildRules = (
			);
			dependencies = (
				4B7D3106218BA46600E94803 /* PBXTargetDependency */,
			);
			name = "DIYgm-iOSUITests";
			productName = "DIYgm-iOSUITests";
			productReference = 4B7D3104218BA46600E94803 /* DIYgm-iOSUITests.xctest */;
			productType = "com.apple.product-type.bundle.ui-testing";
		};
/* End PBXNativeTarget section */

/* Begin PBXProject section */
		4B7D30DD218BA45E00E94803 /* Project object */ = {
			isa = PBXProject;
			attributes = {
				LastSwiftUpdateCheck = 1010;
				LastUpgradeCheck = 1010;
				ORGANIZATIONNAME = DIYgm;
				TargetAttributes = {
					4B7D30E4218BA45E00E94803 = {
						CreatedOnToolsVersion = 10.1;
					};
					4B7D30F8218BA46600E94803 = {
						CreatedOnToolsVersion = 10.1;
						TestTargetID = 4B7D30E4218BA45E00E94803;
					};
					4B7D3103218BA46600E94803 = {
						CreatedOnToolsVersion = 10.1;
						TestTargetID = 4B7D30E4218BA45E00E94803;
					};
				};
			};
			buildConfigurationList = 4B7D30E0218BA45E00E94803 /* Build configuration list for PBXProject "DIYgm-iOS" */;
			compatibilityVersion = "Xcode 9.3";
			developmentRegion = en;
			hasScannedForEncodings = 0;
			knownRegions = (
				en,
				Base,
			);
			mainGroup = 4B7D30DC218BA45E00E94803;
			productRefGroup = 4B7D30E6218BA45E00E94803 /* Products */;
			projectDirPath = "";
			projectRoot = "";
			targets = (
				4B7D30E4218BA45E00E94803 /* DIYgm-iOS */,
				4B7D30F8218BA46600E94803 /* DIYgm-iOSTests */,
				4B7D3103218BA46600E94803 /* DIYgm-iOSUITests */,
			);
		};
/* End PBXProject section */

/* Begin PBXResourcesBuildPhase section */
		4B7D30E3218BA45E00E94803 /* Resources */ = {
			isa = PBXResourcesBuildPhase;
			buildActionMask = 2147483647;
			files = (
				4B7D30F3218BA46600E94803 /* LaunchScreen.storyboard in Resources */,
				4B7D30F0218BA46600E94803 /* Assets.xcassets in Resources */,
				4B7D30EE218BA45E00E94803 /* Main.storyboard in Resources */,
			);
			runOnlyForDeploymentPostprocessing = 0;
		};
		4B7D30F7218BA46600E94803 /* Resources */ = {
			isa = PBXResourcesBuildPhase;
			buildActionMask = 2147483647;
			files = (
			);
			runOnlyForDeploymentPostprocessing = 0;
		};
		4B7D3102218BA46600E94803 /* Resources */ = {
			isa = PBXResourcesBuildPhase;
			buildActionMask = 2147483647;
			files = (
			);
			runOnlyForDeploymentPostprocessing = 0;
		};
/* End PBXResourcesBuildPhase section */

/* Begin PBXShellScriptBuildPhase section */
		303BB58A513A7E6646398C4D /* [CP] Check Pods Manifest.lock */ = {
			isa = PBXShellScriptBuildPhase;
			buildActionMask = 2147483647;
			files = (
			);
			inputFileListPaths = (
			);
			inputPaths = (
				"${PODS_PODFILE_DIR_PATH}/Podfile.lock",
				"${PODS_ROOT}/Manifest.lock",
			);
			name = "[CP] Check Pods Manifest.lock";
			outputFileListPaths = (
			);
			outputPaths = (
				"$(DERIVED_FILE_DIR)/Pods-DIYgm-iOS-checkManifestLockResult.txt",
			);
			runOnlyForDeploymentPostprocessing = 0;
			shellPath = /bin/sh;
			shellScript = "diff \"${PODS_PODFILE_DIR_PATH}/Podfile.lock\" \"${PODS_ROOT}/Manifest.lock\" > /dev/null\nif [ $? != 0 ] ; then\n    # print error to STDERR\n    echo \"error: The sandbox is not in sync with the Podfile.lock. Run 'pod install' or update your CocoaPods installation.\" >&2\n    exit 1\nfi\n# This output is used by Xcode 'outputs' to avoid re-running this script phase.\necho \"SUCCESS\" > \"${SCRIPT_OUTPUT_FILE_0}\"\n";
			showEnvVarsInLog = 0;
		};
		39715E6D251CC984B031152B /* [CP] Check Pods Manifest.lock */ = {
			isa = PBXShellScriptBuildPhase;
			buildActionMask = 2147483647;
			files = (
			);
			inputFileListPaths = (
			);
			inputPaths = (
				"${PODS_PODFILE_DIR_PATH}/Podfile.lock",
				"${PODS_ROOT}/Manifest.lock",
			);
			name = "[CP] Check Pods Manifest.lock";
			outputFileListPaths = (
			);
			outputPaths = (
				"$(DERIVED_FILE_DIR)/Pods-DIYgm-iOSUITests-checkManifestLockResult.txt",
			);
			runOnlyForDeploymentPostprocessing = 0;
			shellPath = /bin/sh;
			shellScript = "diff \"${PODS_PODFILE_DIR_PATH}/Podfile.lock\" \"${PODS_ROOT}/Manifest.lock\" > /dev/null\nif [ $? != 0 ] ; then\n    # print error to STDERR\n    echo \"error: The sandbox is not in sync with the Podfile.lock. Run 'pod install' or update your CocoaPods installation.\" >&2\n    exit 1\nfi\n# This output is used by Xcode 'outputs' to avoid re-running this script phase.\necho \"SUCCESS\" > \"${SCRIPT_OUTPUT_FILE_0}\"\n";
			showEnvVarsInLog = 0;
		};
		ED5C7AD08EAC825369A9AAD4 /* [CP] Copy Pods Resources */ = {
			isa = PBXShellScriptBuildPhase;
			buildActionMask = 2147483647;
			files = (
			);
			inputFileListPaths = (
			);
			inputPaths = (
				"${SRCROOT}/Pods/Target Support Files/Pods-DIYgm-iOS/Pods-DIYgm-iOS-resources.sh",
				"${PODS_ROOT}/GoogleMaps/Maps/Frameworks/GoogleMaps.framework/Resources/GoogleMaps.bundle",
				"${PODS_ROOT}/GooglePlaces/Frameworks/GooglePlaces.framework/Resources/GooglePlaces.bundle",
			);
			name = "[CP] Copy Pods Resources";
			outputFileListPaths = (
			);
			outputPaths = (
				"${TARGET_BUILD_DIR}/${UNLOCALIZED_RESOURCES_FOLDER_PATH}/GoogleMaps.bundle",
				"${TARGET_BUILD_DIR}/${UNLOCALIZED_RESOURCES_FOLDER_PATH}/GooglePlaces.bundle",
			);
			runOnlyForDeploymentPostprocessing = 0;
			shellPath = /bin/sh;
			shellScript = "\"${SRCROOT}/Pods/Target Support Files/Pods-DIYgm-iOS/Pods-DIYgm-iOS-resources.sh\"\n";
			showEnvVarsInLog = 0;
		};
		F82FFD591B6790E455FCA7E0 /* [CP] Check Pods Manifest.lock */ = {
			isa = PBXShellScriptBuildPhase;
			buildActionMask = 2147483647;
			files = (
			);
			inputFileListPaths = (
			);
			inputPaths = (
				"${PODS_PODFILE_DIR_PATH}/Podfile.lock",
				"${PODS_ROOT}/Manifest.lock",
			);
			name = "[CP] Check Pods Manifest.lock";
			outputFileListPaths = (
			);
			outputPaths = (
				"$(DERIVED_FILE_DIR)/Pods-DIYgm-iOSTests-checkManifestLockResult.txt",
			);
			runOnlyForDeploymentPostprocessing = 0;
			shellPath = /bin/sh;
			shellScript = "diff \"${PODS_PODFILE_DIR_PATH}/Podfile.lock\" \"${PODS_ROOT}/Manifest.lock\" > /dev/null\nif [ $? != 0 ] ; then\n    # print error to STDERR\n    echo \"error: The sandbox is not in sync with the Podfile.lock. Run 'pod install' or update your CocoaPods installation.\" >&2\n    exit 1\nfi\n# This output is used by Xcode 'outputs' to avoid re-running this script phase.\necho \"SUCCESS\" > \"${SCRIPT_OUTPUT_FILE_0}\"\n";
			showEnvVarsInLog = 0;
		};
/* End PBXShellScriptBuildPhase section */

/* Begin PBXSourcesBuildPhase section */
		4B7D30E1218BA45E00E94803 /* Sources */ = {
			isa = PBXSourcesBuildPhase;
			buildActionMask = 2147483647;
			files = (
				4B7D30EB218BA45E00E94803 /* ViewController.swift in Sources */,
				4B7D30E9218BA45E00E94803 /* AppDelegate.swift in Sources */,
			);
			runOnlyForDeploymentPostprocessing = 0;
		};
		4B7D30F5218BA46600E94803 /* Sources */ = {
			isa = PBXSourcesBuildPhase;
			buildActionMask = 2147483647;
			files = (
				4B7D30FE218BA46600E94803 /* DIYgm_iOSTests.swift in Sources */,
			);
			runOnlyForDeploymentPostprocessing = 0;
		};
		4B7D3100218BA46600E94803 /* Sources */ = {
			isa = PBXSourcesBuildPhase;
			buildActionMask = 2147483647;
			files = (
				4B7D3109218BA46600E94803 /* DIYgm_iOSUITests.swift in Sources */,
			);
			runOnlyForDeploymentPostprocessing = 0;
		};
/* End PBXSourcesBuildPhase section */

/* Begin PBXTargetDependency section */
		4B7D30FB218BA46600E94803 /* PBXTargetDependency */ = {
			isa = PBXTargetDependency;
			target = 4B7D30E4218BA45E00E94803 /* DIYgm-iOS */;
			targetProxy = 4B7D30FA218BA46600E94803 /* PBXContainerItemProxy */;
		};
		4B7D3106218BA46600E94803 /* PBXTargetDependency */ = {
			isa = PBXTargetDependency;
			target = 4B7D30E4218BA45E00E94803 /* DIYgm-iOS */;
			targetProxy = 4B7D3105218BA46600E94803 /* PBXContainerItemProxy */;
		};
/* End PBXTargetDependency section */

/* Begin PBXVariantGroup section */
		4B7D30EC218BA45E00E94803 /* Main.storyboard */ = {
			isa = PBXVariantGroup;
			children = (
				4B7D30ED218BA45E00E94803 /* Base */,
			);
			name = Main.storyboard;
			sourceTree = "<group>";
		};
		4B7D30F1218BA46600E94803 /* LaunchScreen.storyboard */ = {
			isa = PBXVariantGroup;
			children = (
				4B7D30F2218BA46600E94803 /* Base */,
			);
			name = LaunchScreen.storyboard;
			sourceTree = "<group>";
		};
/* End PBXVariantGroup section */

/* Begin XCBuildConfiguration section */
		4B7D310B218BA46600E94803 /* Debug */ = {
			isa = XCBuildConfiguration;
			buildSettings = {
				ALWAYS_SEARCH_USER_PATHS = NO;
				CLANG_ANALYZER_NONNULL = YES;
				CLANG_ANALYZER_NUMBER_OBJECT_CONVERSION = YES_AGGRESSIVE;
				CLANG_CXX_LANGUAGE_STANDARD = "gnu++14";
				CLANG_CXX_LIBRARY = "libc++";
				CLANG_ENABLE_MODULES = YES;
				CLANG_ENABLE_OBJC_ARC = YES;
				CLANG_ENABLE_OBJC_WEAK = YES;
				CLANG_WARN_BLOCK_CAPTURE_AUTORELEASING = YES;
				CLANG_WARN_BOOL_CONVERSION = YES;
				CLANG_WARN_COMMA = YES;
				CLANG_WARN_CONSTANT_CONVERSION = YES;
				CLANG_WARN_DEPRECATED_OBJC_IMPLEMENTATIONS = YES;
				CLANG_WARN_DIRECT_OBJC_ISA_USAGE = YES_ERROR;
				CLANG_WARN_DOCUMENTATION_COMMENTS = YES;
				CLANG_WARN_EMPTY_BODY = YES;
				CLANG_WARN_ENUM_CONVERSION = YES;
				CLANG_WARN_INFINITE_RECURSION = YES;
				CLANG_WARN_INT_CONVERSION = YES;
				CLANG_WARN_NON_LITERAL_NULL_CONVERSION = YES;
				CLANG_WARN_OBJC_IMPLICIT_RETAIN_SELF = YES;
				CLANG_WARN_OBJC_LITERAL_CONVERSION = YES;
				CLANG_WARN_OBJC_ROOT_CLASS = YES_ERROR;
				CLANG_WARN_RANGE_LOOP_ANALYSIS = YES;
				CLANG_WARN_STRICT_PROTOTYPES = YES;
				CLANG_WARN_SUSPICIOUS_MOVE = YES;
				CLANG_WARN_UNGUARDED_AVAILABILITY = YES_AGGRESSIVE;
				CLANG_WARN_UNREACHABLE_CODE = YES;
				CLANG_WARN__DUPLICATE_METHOD_MATCH = YES;
				CODE_SIGN_IDENTITY = "iPhone Developer";
				COPY_PHASE_STRIP = NO;
				DEBUG_INFORMATION_FORMAT = dwarf;
				ENABLE_STRICT_OBJC_MSGSEND = YES;
				ENABLE_TESTABILITY = YES;
				GCC_C_LANGUAGE_STANDARD = gnu11;
				GCC_DYNAMIC_NO_PIC = NO;
				GCC_NO_COMMON_BLOCKS = YES;
				GCC_OPTIMIZATION_LEVEL = 0;
				GCC_PREPROCESSOR_DEFINITIONS = (
					"DEBUG=1",
					"$(inherited)",
				);
				GCC_WARN_64_TO_32_BIT_CONVERSION = YES;
				GCC_WARN_ABOUT_RETURN_TYPE = YES_ERROR;
				GCC_WARN_UNDECLARED_SELECTOR = YES;
				GCC_WARN_UNINITIALIZED_AUTOS = YES_AGGRESSIVE;
				GCC_WARN_UNUSED_FUNCTION = YES;
				GCC_WARN_UNUSED_VARIABLE = YES;
				IPHONEOS_DEPLOYMENT_TARGET = 12.1;
				MTL_ENABLE_DEBUG_INFO = INCLUDE_SOURCE;
				MTL_FAST_MATH = YES;
				ONLY_ACTIVE_ARCH = YES;
				SDKROOT = iphoneos;
				SWIFT_ACTIVE_COMPILATION_CONDITIONS = DEBUG;
				SWIFT_OPTIMIZATION_LEVEL = "-Onone";
			};
			name = Debug;
		};
		4B7D310C218BA46600E94803 /* Release */ = {
			isa = XCBuildConfiguration;
			buildSettings = {
				ALWAYS_SEARCH_USER_PATHS = NO;
				CLANG_ANALYZER_NONNULL = YES;
				CLANG_ANALYZER_NUMBER_OBJECT_CONVERSION = YES_AGGRESSIVE;
				CLANG_CXX_LANGUAGE_STANDARD = "gnu++14";
				CLANG_CXX_LIBRARY = "libc++";
				CLANG_ENABLE_MODULES = YES;
				CLANG_ENABLE_OBJC_ARC = YES;
				CLANG_ENABLE_OBJC_WEAK = YES;
				CLANG_WARN_BLOCK_CAPTURE_AUTORELEASING = YES;
				CLANG_WARN_BOOL_CONVERSION = YES;
				CLANG_WARN_COMMA = YES;
				CLANG_WARN_CONSTANT_CONVERSION = YES;
				CLANG_WARN_DEPRECATED_OBJC_IMPLEMENTATIONS = YES;
				CLANG_WARN_DIRECT_OBJC_ISA_USAGE = YES_ERROR;
				CLANG_WARN_DOCUMENTATION_COMMENTS = YES;
				CLANG_WARN_EMPTY_BODY = YES;
				CLANG_WARN_ENUM_CONVERSION = YES;
				CLANG_WARN_INFINITE_RECURSION = YES;
				CLANG_WARN_INT_CONVERSION = YES;
				CLANG_WARN_NON_LITERAL_NULL_CONVERSION = YES;
				CLANG_WARN_OBJC_IMPLICIT_RETAIN_SELF = YES;
				CLANG_WARN_OBJC_LITERAL_CONVERSION = YES;
				CLANG_WARN_OBJC_ROOT_CLASS = YES_ERROR;
				CLANG_WARN_RANGE_LOOP_ANALYSIS = YES;
				CLANG_WARN_STRICT_PROTOTYPES = YES;
				CLANG_WARN_SUSPICIOUS_MOVE = YES;
				CLANG_WARN_UNGUARDED_AVAILABILITY = YES_AGGRESSIVE;
				CLANG_WARN_UNREACHABLE_CODE = YES;
				CLANG_WARN__DUPLICATE_METHOD_MATCH = YES;
				CODE_SIGN_IDENTITY = "iPhone Developer";
				COPY_PHASE_STRIP = NO;
				DEBUG_INFORMATION_FORMAT = "dwarf-with-dsym";
				ENABLE_NS_ASSERTIONS = NO;
				ENABLE_STRICT_OBJC_MSGSEND = YES;
				GCC_C_LANGUAGE_STANDARD = gnu11;
				GCC_NO_COMMON_BLOCKS = YES;
				GCC_WARN_64_TO_32_BIT_CONVERSION = YES;
				GCC_WARN_ABOUT_RETURN_TYPE = YES_ERROR;
				GCC_WARN_UNDECLARED_SELECTOR = YES;
				GCC_WARN_UNINITIALIZED_AUTOS = YES_AGGRESSIVE;
				GCC_WARN_UNUSED_FUNCTION = YES;
				GCC_WARN_UNUSED_VARIABLE = YES;
				IPHONEOS_DEPLOYMENT_TARGET = 12.1;
				MTL_ENABLE_DEBUG_INFO = NO;
				MTL_FAST_MATH = YES;
				SDKROOT = iphoneos;
				SWIFT_COMPILATION_MODE = wholemodule;
				SWIFT_OPTIMIZATION_LEVEL = "-O";
				VALIDATE_PRODUCT = YES;
			};
			name = Release;
		};
		4B7D310E218BA46600E94803 /* Debug */ = {
			isa = XCBuildConfiguration;
			baseConfigurationReference = 126D7C1C67B831622367B929 /* Pods-DIYgm-iOS.debug.xcconfig */;
			buildSettings = {
				ASSETCATALOG_COMPILER_APPICON_NAME = AppIcon;
				CODE_SIGN_STYLE = Automatic;
				INFOPLIST_FILE = "DIYgm-iOS/Info.plist";
				LD_RUNPATH_SEARCH_PATHS = (
					"$(inherited)",
					"@executable_path/Frameworks",
				);
				PRODUCT_BUNDLE_IDENTIFIER = "DIYgm.DIYgm-iOS";
				PRODUCT_NAME = "$(TARGET_NAME)";
				SWIFT_VERSION = 4.2;
				TARGETED_DEVICE_FAMILY = "1,2";
			};
			name = Debug;
		};
		4B7D310F218BA46600E94803 /* Release */ = {
			isa = XCBuildConfiguration;
			baseConfigurationReference = 9B4360A771871E787CBCD42B /* Pods-DIYgm-iOS.release.xcconfig */;
			buildSettings = {
				ASSETCATALOG_COMPILER_APPICON_NAME = AppIcon;
				CODE_SIGN_STYLE = Automatic;
				INFOPLIST_FILE = "DIYgm-iOS/Info.plist";
				LD_RUNPATH_SEARCH_PATHS = (
					"$(inherited)",
					"@executable_path/Frameworks",
				);
				PRODUCT_BUNDLE_IDENTIFIER = "DIYgm.DIYgm-iOS";
				PRODUCT_NAME = "$(TARGET_NAME)";
				SWIFT_VERSION = 4.2;
				TARGETED_DEVICE_FAMILY = "1,2";
			};
			name = Release;
		};
		4B7D3111218BA46600E94803 /* Debug */ = {
			isa = XCBuildConfiguration;
			baseConfigurationReference = AF42B64F1C6B01442DB97AB0 /* Pods-DIYgm-iOSTests.debug.xcconfig */;
			buildSettings = {
				ALWAYS_EMBED_SWIFT_STANDARD_LIBRARIES = YES;
				BUNDLE_LOADER = "$(TEST_HOST)";
				CODE_SIGN_STYLE = Automatic;
				INFOPLIST_FILE = "DIYgm-iOSTests/Info.plist";
				LD_RUNPATH_SEARCH_PATHS = (
					"$(inherited)",
					"@executable_path/Frameworks",
					"@loader_path/Frameworks",
				);
				PRODUCT_BUNDLE_IDENTIFIER = "DIYgm.DIYgm-iOSTests";
				PRODUCT_NAME = "$(TARGET_NAME)";
				SWIFT_VERSION = 4.2;
				TARGETED_DEVICE_FAMILY = "1,2";
				TEST_HOST = "$(BUILT_PRODUCTS_DIR)/DIYgm-iOS.app/DIYgm-iOS";
			};
			name = Debug;
		};
		4B7D3112218BA46600E94803 /* Release */ = {
			isa = XCBuildConfiguration;
			baseConfigurationReference = E3B1E721B56D8CFAD210ACF2 /* Pods-DIYgm-iOSTests.release.xcconfig */;
			buildSettings = {
				ALWAYS_EMBED_SWIFT_STANDARD_LIBRARIES = YES;
				BUNDLE_LOADER = "$(TEST_HOST)";
				CODE_SIGN_STYLE = Automatic;
				INFOPLIST_FILE = "DIYgm-iOSTests/Info.plist";
				LD_RUNPATH_SEARCH_PATHS = (
					"$(inherited)",
					"@executable_path/Frameworks",
					"@loader_path/Frameworks",
				);
				PRODUCT_BUNDLE_IDENTIFIER = "DIYgm.DIYgm-iOSTests";
				PRODUCT_NAME = "$(TARGET_NAME)";
				SWIFT_VERSION = 4.2;
				TARGETED_DEVICE_FAMILY = "1,2";
				TEST_HOST = "$(BUILT_PRODUCTS_DIR)/DIYgm-iOS.app/DIYgm-iOS";
			};
			name = Release;
		};
		4B7D3114218BA46600E94803 /* Debug */ = {
			isa = XCBuildConfiguration;
			baseConfigurationReference = D58A9DFD6F9F8280232A5BD7 /* Pods-DIYgm-iOSUITests.debug.xcconfig */;
			buildSettings = {
				ALWAYS_EMBED_SWIFT_STANDARD_LIBRARIES = YES;
				CODE_SIGN_STYLE = Automatic;
				INFOPLIST_FILE = "DIYgm-iOSUITests/Info.plist";
				LD_RUNPATH_SEARCH_PATHS = (
					"$(inherited)",
					"@executable_path/Frameworks",
					"@loader_path/Frameworks",
				);
				PRODUCT_BUNDLE_IDENTIFIER = "DIYgm.DIYgm-iOSUITests";
				PRODUCT_NAME = "$(TARGET_NAME)";
				SWIFT_VERSION = 4.2;
				TARGETED_DEVICE_FAMILY = "1,2";
				TEST_TARGET_NAME = "DIYgm-iOS";
			};
			name = Debug;
		};
		4B7D3115218BA46600E94803 /* Release */ = {
			isa = XCBuildConfiguration;
			baseConfigurationReference = D727B3FEA3403245DB1FFC9B /* Pods-DIYgm-iOSUITests.release.xcconfig */;
			buildSettings = {
				ALWAYS_EMBED_SWIFT_STANDARD_LIBRARIES = YES;
				CODE_SIGN_STYLE = Automatic;
				INFOPLIST_FILE = "DIYgm-iOSUITests/Info.plist";
				LD_RUNPATH_SEARCH_PATHS = (
					"$(inherited)",
					"@executable_path/Frameworks",
					"@loader_path/Frameworks",
				);
				PRODUCT_BUNDLE_IDENTIFIER = "DIYgm.DIYgm-iOSUITests";
				PRODUCT_NAME = "$(TARGET_NAME)";
				SWIFT_VERSION = 4.2;
				TARGETED_DEVICE_FAMILY = "1,2";
				TEST_TARGET_NAME = "DIYgm-iOS";
			};
			name = Release;
		};
/* End XCBuildConfiguration section */

/* Begin XCConfigurationList section */
		4B7D30E0218BA45E00E94803 /* Build configuration list for PBXProject "DIYgm-iOS" */ = {
			isa = XCConfigurationList;
			buildConfigurations = (
				4B7D310B218BA46600E94803 /* Debug */,
				4B7D310C218BA46600E94803 /* Release */,
			);
			defaultConfigurationIsVisible = 0;
			defaultConfigurationName = Release;
		};
		4B7D310D218BA46600E94803 /* Build configuration list for PBXNativeTarget "DIYgm-iOS" */ = {
			isa = XCConfigurationList;
			buildConfigurations = (
				4B7D310E218BA46600E94803 /* Debug */,
				4B7D310F218BA46600E94803 /* Release */,
			);
			defaultConfigurationIsVisible = 0;
			defaultConfigurationName = Release;
		};
		4B7D3110218BA46600E94803 /* Build configuration list for PBXNativeTarget "DIYgm-iOSTests" */ = {
			isa = XCConfigurationList;
			buildConfigurations = (
				4B7D3111218BA46600E94803 /* Debug */,
				4B7D3112218BA46600E94803 /* Release */,
			);
			defaultConfigurationIsVisible = 0;
			defaultConfigurationName = Release;
		};
		4B7D3113218BA46600E94803 /* Build configuration list for PBXNativeTarget "DIYgm-iOSUITests" */ = {
			isa = XCConfigurationList;
			buildConfigurations = (
				4B7D3114218BA46600E94803 /* Debug */,
				4B7D3115218BA46600E94803 /* Release */,
			);
			defaultConfigurationIsVisible = 0;
			defaultConfigurationName = Release;
		};
/* End XCConfigurationList section */
	};
	rootObject = 4B7D30DD218BA45E00E94803 /* Project object */;
}
